// !$*UTF8*$!
{
	archiveVersion = 1;
	classes = {
	};
	objectVersion = 56;
	objects = {

/* Begin PBXBuildFile section */
		54ADFB102C233159005D9CA9 /* HTTPTypes in Frameworks */ = {isa = PBXBuildFile; productRef = 54ADFB0F2C233159005D9CA9 /* HTTPTypes */; };
		54ADFB122C233159005D9CA9 /* HTTPTypesFoundation in Frameworks */ = {isa = PBXBuildFile; productRef = 54ADFB112C233159005D9CA9 /* HTTPTypesFoundation */; };
		C6C4017A2C1EA22A0072582A /* AppMenuViewModel.swift in Sources */ = {isa = PBXBuildFile; fileRef = C6C401792C1EA22A0072582A /* AppMenuViewModel.swift */; };
		C6C4017D2C207E070072582A /* MarkdownUI in Frameworks */ = {isa = PBXBuildFile; productRef = C6C4017C2C207E070072582A /* MarkdownUI */; };
		C6C4017F2C25C8120072582A /* Config.swift in Sources */ = {isa = PBXBuildFile; fileRef = C6C4017E2C25C8120072582A /* Config.swift */; };
		C6C401812C2685190072582A /* AnthropicService.swift in Sources */ = {isa = PBXBuildFile; fileRef = C6C401802C2685190072582A /* AnthropicService.swift */; };
		C6C401842C277B470072582A /* ScreenCaptureService.swift in Sources */ = {isa = PBXBuildFile; fileRef = C6C401822C277B470072582A /* ScreenCaptureService.swift */; };
		C6C401852C277B470072582A /* LocationService.swift in Sources */ = {isa = PBXBuildFile; fileRef = C6C401832C277B470072582A /* LocationService.swift */; };
		C6CC592B2C1E5EA3004C7ED2 /* HenryApp.swift in Sources */ = {isa = PBXBuildFile; fileRef = C6CC592A2C1E5EA3004C7ED2 /* HenryApp.swift */; };
		C6CC592D2C1E5EA3004C7ED2 /* ContentView.swift in Sources */ = {isa = PBXBuildFile; fileRef = C6CC592C2C1E5EA3004C7ED2 /* ContentView.swift */; };
		C6CC592F2C1E5EA3004C7ED2 /* Item.swift in Sources */ = {isa = PBXBuildFile; fileRef = C6CC592E2C1E5EA3004C7ED2 /* Item.swift */; };
		C6CC59312C1E5EA4004C7ED2 /* Assets.xcassets in Resources */ = {isa = PBXBuildFile; fileRef = C6CC59302C1E5EA4004C7ED2 /* Assets.xcassets */; };
		C6CC59352C1E5EA4004C7ED2 /* Preview Assets.xcassets in Resources */ = {isa = PBXBuildFile; fileRef = C6CC59342C1E5EA4004C7ED2 /* Preview Assets.xcassets */; };
		C6CC593C2C1E5FD0004C7ED2 /* AppMenu.swift in Sources */ = {isa = PBXBuildFile; fileRef = C6CC593B2C1E5FD0004C7ED2 /* AppMenu.swift */; };
		C6CC59562C1E93A4004C7ED2 /* OpenAIResponse.swift in Sources */ = {isa = PBXBuildFile; fileRef = C6CC59472C1E93A4004C7ED2 /* OpenAIResponse.swift */; };
		C6CC59572C1E93A4004C7ED2 /* OpenAIService.swift in Sources */ = {isa = PBXBuildFile; fileRef = C6CC59482C1E93A4004C7ED2 /* OpenAIService.swift */; };
/* End PBXBuildFile section */

/* Begin PBXFileReference section */
		C6C401792C1EA22A0072582A /* AppMenuViewModel.swift */ = {isa = PBXFileReference; fileEncoding = 4; lastKnownFileType = sourcecode.swift; path = AppMenuViewModel.swift; sourceTree = "<group>"; };
		C6C4017E2C25C8120072582A /* Config.swift */ = {isa = PBXFileReference; lastKnownFileType = sourcecode.swift; path = Config.swift; sourceTree = "<group>"; };
		C6C401802C2685190072582A /* AnthropicService.swift */ = {isa = PBXFileReference; fileEncoding = 4; lastKnownFileType = sourcecode.swift; path = AnthropicService.swift; sourceTree = "<group>"; };
		C6C401822C277B470072582A /* ScreenCaptureService.swift */ = {isa = PBXFileReference; fileEncoding = 4; lastKnownFileType = sourcecode.swift; path = ScreenCaptureService.swift; sourceTree = "<group>"; };
		C6C401832C277B470072582A /* LocationService.swift */ = {isa = PBXFileReference; fileEncoding = 4; lastKnownFileType = sourcecode.swift; path = LocationService.swift; sourceTree = "<group>"; };
		C6CC59272C1E5EA3004C7ED2 /* Henry.app */ = {isa = PBXFileReference; explicitFileType = wrapper.application; includeInIndex = 0; path = Henry.app; sourceTree = BUILT_PRODUCTS_DIR; };
		C6CC592A2C1E5EA3004C7ED2 /* HenryApp.swift */ = {isa = PBXFileReference; lastKnownFileType = sourcecode.swift; path = HenryApp.swift; sourceTree = "<group>"; };
		C6CC592C2C1E5EA3004C7ED2 /* ContentView.swift */ = {isa = PBXFileReference; lastKnownFileType = sourcecode.swift; path = ContentView.swift; sourceTree = "<group>"; };
		C6CC592E2C1E5EA3004C7ED2 /* Item.swift */ = {isa = PBXFileReference; lastKnownFileType = sourcecode.swift; path = Item.swift; sourceTree = "<group>"; };
		C6CC59302C1E5EA4004C7ED2 /* Assets.xcassets */ = {isa = PBXFileReference; lastKnownFileType = folder.assetcatalog; path = Assets.xcassets; sourceTree = "<group>"; };
		C6CC59322C1E5EA4004C7ED2 /* Henry.entitlements */ = {isa = PBXFileReference; lastKnownFileType = text.plist.entitlements; path = Henry.entitlements; sourceTree = "<group>"; };
		C6CC59342C1E5EA4004C7ED2 /* Preview Assets.xcassets */ = {isa = PBXFileReference; lastKnownFileType = folder.assetcatalog; path = "Preview Assets.xcassets"; sourceTree = "<group>"; };
		C6CC593B2C1E5FD0004C7ED2 /* AppMenu.swift */ = {isa = PBXFileReference; lastKnownFileType = sourcecode.swift; path = AppMenu.swift; sourceTree = "<group>"; };
		C6CC59472C1E93A4004C7ED2 /* OpenAIResponse.swift */ = {isa = PBXFileReference; fileEncoding = 4; lastKnownFileType = sourcecode.swift; path = OpenAIResponse.swift; sourceTree = "<group>"; };
		C6CC59482C1E93A4004C7ED2 /* OpenAIService.swift */ = {isa = PBXFileReference; fileEncoding = 4; lastKnownFileType = sourcecode.swift; path = OpenAIService.swift; sourceTree = "<group>"; };
/* End PBXFileReference section */

/* Begin PBXFrameworksBuildPhase section */
		C6CC59242C1E5EA3004C7ED2 /* Frameworks */ = {
			isa = PBXFrameworksBuildPhase;
			buildActionMask = 2147483647;
			files = (
				54ADFB102C233159005D9CA9 /* HTTPTypes in Frameworks */,
				54ADFB122C233159005D9CA9 /* HTTPTypesFoundation in Frameworks */,
				C6C4017D2C207E070072582A /* MarkdownUI in Frameworks */,
			);
			runOnlyForDeploymentPostprocessing = 0;
		};
/* End PBXFrameworksBuildPhase section */

/* Begin PBXGroup section */
		C6CC591E2C1E5EA3004C7ED2 = {
			isa = PBXGroup;
			children = (
				C6CC59292C1E5EA3004C7ED2 /* Henry */,
				C6CC59282C1E5EA3004C7ED2 /* Products */,
			);
			sourceTree = "<group>";
		};
		C6CC59282C1E5EA3004C7ED2 /* Products */ = {
			isa = PBXGroup;
			children = (
				C6CC59272C1E5EA3004C7ED2 /* Henry.app */,
			);
			name = Products;
			sourceTree = "<group>";
		};
		C6CC59292C1E5EA3004C7ED2 /* Henry */ = {
			isa = PBXGroup;
			children = (
				C6C401832C277B470072582A /* LocationService.swift */,
				C6C401822C277B470072582A /* ScreenCaptureService.swift */,
				C6C401802C2685190072582A /* AnthropicService.swift */,
				C6C4017E2C25C8120072582A /* Config.swift */,
				C6CC592A2C1E5EA3004C7ED2 /* HenryApp.swift */,
				C6CC59472C1E93A4004C7ED2 /* OpenAIResponse.swift */,
				C6CC593B2C1E5FD0004C7ED2 /* AppMenu.swift */,
				C6C401792C1EA22A0072582A /* AppMenuViewModel.swift */,
				C6CC59482C1E93A4004C7ED2 /* OpenAIService.swift */,
				C6CC592C2C1E5EA3004C7ED2 /* ContentView.swift */,
				C6CC592E2C1E5EA3004C7ED2 /* Item.swift */,
				C6CC59302C1E5EA4004C7ED2 /* Assets.xcassets */,
				C6CC59322C1E5EA4004C7ED2 /* Henry.entitlements */,
				C6CC59332C1E5EA4004C7ED2 /* Preview Content */,
			);
			path = Henry;
			sourceTree = "<group>";
		};
		C6CC59332C1E5EA4004C7ED2 /* Preview Content */ = {
			isa = PBXGroup;
			children = (
				C6CC59342C1E5EA4004C7ED2 /* Preview Assets.xcassets */,
			);
			path = "Preview Content";
			sourceTree = "<group>";
		};
/* End PBXGroup section */

/* Begin PBXNativeTarget section */
		C6CC59262C1E5EA3004C7ED2 /* Henry */ = {
			isa = PBXNativeTarget;
			buildConfigurationList = C6CC59382C1E5EA4004C7ED2 /* Build configuration list for PBXNativeTarget "Henry" */;
			buildPhases = (
				C6CC59232C1E5EA3004C7ED2 /* Sources */,
				C6CC59242C1E5EA3004C7ED2 /* Frameworks */,
				C6CC59252C1E5EA3004C7ED2 /* Resources */,
			);
			buildRules = (
			);
			dependencies = (
			);
			name = Henry;
			packageProductDependencies = (
				C6C4017C2C207E070072582A /* MarkdownUI */,
				54ADFB0F2C233159005D9CA9 /* HTTPTypes */,
				54ADFB112C233159005D9CA9 /* HTTPTypesFoundation */,
			);
			productName = Henry;
			productReference = C6CC59272C1E5EA3004C7ED2 /* Henry.app */;
			productType = "com.apple.product-type.application";
		};
/* End PBXNativeTarget section */

/* Begin PBXProject section */
		C6CC591F2C1E5EA3004C7ED2 /* Project object */ = {
			isa = PBXProject;
			attributes = {
				BuildIndependentTargetsInParallel = 1;
				LastSwiftUpdateCheck = 1540;
				LastUpgradeCheck = 1540;
				TargetAttributes = {
					C6CC59262C1E5EA3004C7ED2 = {
						CreatedOnToolsVersion = 15.4;
					};
				};
			};
			buildConfigurationList = C6CC59222C1E5EA3004C7ED2 /* Build configuration list for PBXProject "Henry" */;
			compatibilityVersion = "Xcode 14.0";
			developmentRegion = en;
			hasScannedForEncodings = 0;
			knownRegions = (
				en,
				Base,
			);
			mainGroup = C6CC591E2C1E5EA3004C7ED2;
			packageReferences = (
				C6C4017B2C207E070072582A /* XCRemoteSwiftPackageReference "swift-markdown-ui" */,
				54ADFB0E2C233159005D9CA9 /* XCRemoteSwiftPackageReference "swift-http-types" */,
			);
			productRefGroup = C6CC59282C1E5EA3004C7ED2 /* Products */;
			projectDirPath = "";
			projectRoot = "";
			targets = (
				C6CC59262C1E5EA3004C7ED2 /* Henry */,
			);
		};
/* End PBXProject section */

/* Begin PBXResourcesBuildPhase section */
		C6CC59252C1E5EA3004C7ED2 /* Resources */ = {
			isa = PBXResourcesBuildPhase;
			buildActionMask = 2147483647;
			files = (
				C6CC59352C1E5EA4004C7ED2 /* Preview Assets.xcassets in Resources */,
				C6CC59312C1E5EA4004C7ED2 /* Assets.xcassets in Resources */,
			);
			runOnlyForDeploymentPostprocessing = 0;
		};
/* End PBXResourcesBuildPhase section */

/* Begin PBXSourcesBuildPhase section */
		C6CC59232C1E5EA3004C7ED2 /* Sources */ = {
			isa = PBXSourcesBuildPhase;
			buildActionMask = 2147483647;
			files = (
				C6C401812C2685190072582A /* AnthropicService.swift in Sources */,
				C6CC592D2C1E5EA3004C7ED2 /* ContentView.swift in Sources */,
				C6CC592F2C1E5EA3004C7ED2 /* Item.swift in Sources */,
				C6C4017A2C1EA22A0072582A /* AppMenuViewModel.swift in Sources */,
				C6CC593C2C1E5FD0004C7ED2 /* AppMenu.swift in Sources */,
				C6CC59562C1E93A4004C7ED2 /* OpenAIResponse.swift in Sources */,
				C6C401852C277B470072582A /* LocationService.swift in Sources */,
				C6C401842C277B470072582A /* ScreenCaptureService.swift in Sources */,
				C6C4017F2C25C8120072582A /* Config.swift in Sources */,
				C6CC59572C1E93A4004C7ED2 /* OpenAIService.swift in Sources */,
				C6CC592B2C1E5EA3004C7ED2 /* HenryApp.swift in Sources */,
			);
			runOnlyForDeploymentPostprocessing = 0;
		};
/* End PBXSourcesBuildPhase section */

/* Begin XCBuildConfiguration section */
		C6CC59362C1E5EA4004C7ED2 /* Debug */ = {
			isa = XCBuildConfiguration;
			buildSettings = {
				ALWAYS_SEARCH_USER_PATHS = NO;
				ASSETCATALOG_COMPILER_GENERATE_SWIFT_ASSET_SYMBOL_EXTENSIONS = YES;
				CLANG_ANALYZER_NONNULL = YES;
				CLANG_ANALYZER_NUMBER_OBJECT_CONVERSION = YES_AGGRESSIVE;
				CLANG_CXX_LANGUAGE_STANDARD = "gnu++20";
				CLANG_ENABLE_MODULES = YES;
				CLANG_ENABLE_OBJC_ARC = YES;
				CLANG_ENABLE_OBJC_WEAK = YES;
				CLANG_WARN_BLOCK_CAPTURE_AUTORELEASING = YES;
				CLANG_WARN_BOOL_CONVERSION = YES;
				CLANG_WARN_COMMA = YES;
				CLANG_WARN_CONSTANT_CONVERSION = YES;
				CLANG_WARN_DEPRECATED_OBJC_IMPLEMENTATIONS = YES;
				CLANG_WARN_DIRECT_OBJC_ISA_USAGE = YES_ERROR;
				CLANG_WARN_DOCUMENTATION_COMMENTS = YES;
				CLANG_WARN_EMPTY_BODY = YES;
				CLANG_WARN_ENUM_CONVERSION = YES;
				CLANG_WARN_INFINITE_RECURSION = YES;
				CLANG_WARN_INT_CONVERSION = YES;
				CLANG_WARN_NON_LITERAL_NULL_CONVERSION = YES;
				CLANG_WARN_OBJC_IMPLICIT_RETAIN_SELF = YES;
				CLANG_WARN_OBJC_LITERAL_CONVERSION = YES;
				CLANG_WARN_OBJC_ROOT_CLASS = YES_ERROR;
				CLANG_WARN_QUOTED_INCLUDE_IN_FRAMEWORK_HEADER = YES;
				CLANG_WARN_RANGE_LOOP_ANALYSIS = YES;
				CLANG_WARN_STRICT_PROTOTYPES = YES;
				CLANG_WARN_SUSPICIOUS_MOVE = YES;
				CLANG_WARN_UNGUARDED_AVAILABILITY = YES_AGGRESSIVE;
				CLANG_WARN_UNREACHABLE_CODE = YES;
				CLANG_WARN__DUPLICATE_METHOD_MATCH = YES;
				COPY_PHASE_STRIP = NO;
				DEBUG_INFORMATION_FORMAT = dwarf;
				ENABLE_STRICT_OBJC_MSGSEND = YES;
				ENABLE_TESTABILITY = YES;
				ENABLE_USER_SCRIPT_SANDBOXING = YES;
				GCC_C_LANGUAGE_STANDARD = gnu17;
				GCC_DYNAMIC_NO_PIC = NO;
				GCC_NO_COMMON_BLOCKS = YES;
				GCC_OPTIMIZATION_LEVEL = 0;
				GCC_PREPROCESSOR_DEFINITIONS = (
					"DEBUG=1",
					"$(inherited)",
				);
				GCC_WARN_64_TO_32_BIT_CONVERSION = YES;
				GCC_WARN_ABOUT_RETURN_TYPE = YES_ERROR;
				GCC_WARN_UNDECLARED_SELECTOR = YES;
				GCC_WARN_UNINITIALIZED_AUTOS = YES_AGGRESSIVE;
				GCC_WARN_UNUSED_FUNCTION = YES;
				GCC_WARN_UNUSED_VARIABLE = YES;
				LOCALIZATION_PREFERS_STRING_CATALOGS = YES;
				MTL_ENABLE_DEBUG_INFO = INCLUDE_SOURCE;
				MTL_FAST_MATH = YES;
				ONLY_ACTIVE_ARCH = YES;
				SWIFT_ACTIVE_COMPILATION_CONDITIONS = "DEBUG $(inherited)";
				SWIFT_OPTIMIZATION_LEVEL = "-Onone";
			};
			name = Debug;
		};
		C6CC59372C1E5EA4004C7ED2 /* Release */ = {
			isa = XCBuildConfiguration;
			buildSettings = {
				ALWAYS_SEARCH_USER_PATHS = NO;
				ASSETCATALOG_COMPILER_GENERATE_SWIFT_ASSET_SYMBOL_EXTENSIONS = YES;
				CLANG_ANALYZER_NONNULL = YES;
				CLANG_ANALYZER_NUMBER_OBJECT_CONVERSION = YES_AGGRESSIVE;
				CLANG_CXX_LANGUAGE_STANDARD = "gnu++20";
				CLANG_ENABLE_MODULES = YES;
				CLANG_ENABLE_OBJC_ARC = YES;
				CLANG_ENABLE_OBJC_WEAK = YES;
				CLANG_WARN_BLOCK_CAPTURE_AUTORELEASING = YES;
				CLANG_WARN_BOOL_CONVERSION = YES;
				CLANG_WARN_COMMA = YES;
				CLANG_WARN_CONSTANT_CONVERSION = YES;
				CLANG_WARN_DEPRECATED_OBJC_IMPLEMENTATIONS = YES;
				CLANG_WARN_DIRECT_OBJC_ISA_USAGE = YES_ERROR;
				CLANG_WARN_DOCUMENTATION_COMMENTS = YES;
				CLANG_WARN_EMPTY_BODY = YES;
				CLANG_WARN_ENUM_CONVERSION = YES;
				CLANG_WARN_INFINITE_RECURSION = YES;
				CLANG_WARN_INT_CONVERSION = YES;
				CLANG_WARN_NON_LITERAL_NULL_CONVERSION = YES;
				CLANG_WARN_OBJC_IMPLICIT_RETAIN_SELF = YES;
				CLANG_WARN_OBJC_LITERAL_CONVERSION = YES;
				CLANG_WARN_OBJC_ROOT_CLASS = YES_ERROR;
				CLANG_WARN_QUOTED_INCLUDE_IN_FRAMEWORK_HEADER = YES;
				CLANG_WARN_RANGE_LOOP_ANALYSIS = YES;
				CLANG_WARN_STRICT_PROTOTYPES = YES;
				CLANG_WARN_SUSPICIOUS_MOVE = YES;
				CLANG_WARN_UNGUARDED_AVAILABILITY = YES_AGGRESSIVE;
				CLANG_WARN_UNREACHABLE_CODE = YES;
				CLANG_WARN__DUPLICATE_METHOD_MATCH = YES;
				COPY_PHASE_STRIP = NO;
				DEBUG_INFORMATION_FORMAT = "dwarf-with-dsym";
				ENABLE_NS_ASSERTIONS = NO;
				ENABLE_STRICT_OBJC_MSGSEND = YES;
				ENABLE_USER_SCRIPT_SANDBOXING = YES;
				GCC_C_LANGUAGE_STANDARD = gnu17;
				GCC_NO_COMMON_BLOCKS = YES;
				GCC_WARN_64_TO_32_BIT_CONVERSION = YES;
				GCC_WARN_ABOUT_RETURN_TYPE = YES_ERROR;
				GCC_WARN_UNDECLARED_SELECTOR = YES;
				GCC_WARN_UNINITIALIZED_AUTOS = YES_AGGRESSIVE;
				GCC_WARN_UNUSED_FUNCTION = YES;
				GCC_WARN_UNUSED_VARIABLE = YES;
				LOCALIZATION_PREFERS_STRING_CATALOGS = YES;
				MTL_ENABLE_DEBUG_INFO = NO;
				MTL_FAST_MATH = YES;
				SWIFT_COMPILATION_MODE = wholemodule;
			};
			name = Release;
		};
		C6CC59392C1E5EA4004C7ED2 /* Debug */ = {
			isa = XCBuildConfiguration;
			buildSettings = {
				ASSETCATALOG_COMPILER_APPICON_NAME = AppIcon;
				ASSETCATALOG_COMPILER_GLOBAL_ACCENT_COLOR_NAME = AccentColor;
				CODE_SIGN_ENTITLEMENTS = Henry/Henry.entitlements;
				"CODE_SIGN_ENTITLEMENTS[sdk=*]" = Henry/Henry.entitlements;
				CODE_SIGN_STYLE = Automatic;
				CURRENT_PROJECT_VERSION = 1;
				DEVELOPMENT_ASSET_PATHS = "\"Henry/Preview Content\"";
				ENABLE_PREVIEWS = YES;
				GENERATE_INFOPLIST_FILE = YES;
				"INFOPLIST_KEY_UIApplicationSceneManifest_Generation[sdk=iphoneos*]" = YES;
				"INFOPLIST_KEY_UIApplicationSceneManifest_Generation[sdk=iphonesimulator*]" = YES;
				"INFOPLIST_KEY_UIApplicationSupportsIndirectInputEvents[sdk=iphoneos*]" = YES;
				"INFOPLIST_KEY_UIApplicationSupportsIndirectInputEvents[sdk=iphonesimulator*]" = YES;
				"INFOPLIST_KEY_UILaunchScreen_Generation[sdk=iphoneos*]" = YES;
				"INFOPLIST_KEY_UILaunchScreen_Generation[sdk=iphonesimulator*]" = YES;
				"INFOPLIST_KEY_UIStatusBarStyle[sdk=iphoneos*]" = UIStatusBarStyleDefault;
				"INFOPLIST_KEY_UIStatusBarStyle[sdk=iphonesimulator*]" = UIStatusBarStyleDefault;
				INFOPLIST_KEY_UISupportedInterfaceOrientations_iPad = "UIInterfaceOrientationPortrait UIInterfaceOrientationPortraitUpsideDown UIInterfaceOrientationLandscapeLeft UIInterfaceOrientationLandscapeRight";
				INFOPLIST_KEY_UISupportedInterfaceOrientations_iPhone = "UIInterfaceOrientationPortrait UIInterfaceOrientationLandscapeLeft UIInterfaceOrientationLandscapeRight";
				IPHONEOS_DEPLOYMENT_TARGET = 14.5;
				LD_RUNPATH_SEARCH_PATHS = "@executable_path/Frameworks";
				"LD_RUNPATH_SEARCH_PATHS[sdk=macosx*]" = "@executable_path/../Frameworks";
				MACOSX_DEPLOYMENT_TARGET = 14.4;
				"MACOSX_DEPLOYMENT_TARGET[arch=*]" = 14.4;
				MARKETING_VERSION = 1.0;
				PRODUCT_BUNDLE_IDENTIFIER = PearlLabs.Henry;
				PRODUCT_NAME = "$(TARGET_NAME)";
				SDKROOT = auto;
				SUPPORTED_PLATFORMS = macosx;
				SWIFT_EMIT_LOC_STRINGS = YES;
				SWIFT_VERSION = 5.0;
				TARGETED_DEVICE_FAMILY = "1,2";
			};
			name = Debug;
		};
		C6CC593A2C1E5EA4004C7ED2 /* Release */ = {
			isa = XCBuildConfiguration;
			buildSettings = {
				ASSETCATALOG_COMPILER_APPICON_NAME = AppIcon;
				ASSETCATALOG_COMPILER_GLOBAL_ACCENT_COLOR_NAME = AccentColor;
				CODE_SIGN_ENTITLEMENTS = Henry/Henry.entitlements;
				CODE_SIGN_STYLE = Automatic;
				CURRENT_PROJECT_VERSION = 1;
				DEVELOPMENT_ASSET_PATHS = "\"Henry/Preview Content\"";
				ENABLE_PREVIEWS = YES;
				GENERATE_INFOPLIST_FILE = YES;
				"INFOPLIST_KEY_UIApplicationSceneManifest_Generation[sdk=iphoneos*]" = YES;
				"INFOPLIST_KEY_UIApplicationSceneManifest_Generation[sdk=iphonesimulator*]" = YES;
				"INFOPLIST_KEY_UIApplicationSupportsIndirectInputEvents[sdk=iphoneos*]" = YES;
				"INFOPLIST_KEY_UIApplicationSupportsIndirectInputEvents[sdk=iphonesimulator*]" = YES;
				"INFOPLIST_KEY_UILaunchScreen_Generation[sdk=iphoneos*]" = YES;
				"INFOPLIST_KEY_UILaunchScreen_Generation[sdk=iphonesimulator*]" = YES;
				"INFOPLIST_KEY_UIStatusBarStyle[sdk=iphoneos*]" = UIStatusBarStyleDefault;
				"INFOPLIST_KEY_UIStatusBarStyle[sdk=iphonesimulator*]" = UIStatusBarStyleDefault;
				INFOPLIST_KEY_UISupportedInterfaceOrientations_iPad = "UIInterfaceOrientationPortrait UIInterfaceOrientationPortraitUpsideDown UIInterfaceOrientationLandscapeLeft UIInterfaceOrientationLandscapeRight";
				INFOPLIST_KEY_UISupportedInterfaceOrientations_iPhone = "UIInterfaceOrientationPortrait UIInterfaceOrientationLandscapeLeft UIInterfaceOrientationLandscapeRight";
				IPHONEOS_DEPLOYMENT_TARGET = 14.5;
				LD_RUNPATH_SEARCH_PATHS = "@executable_path/Frameworks";
				"LD_RUNPATH_SEARCH_PATHS[sdk=macosx*]" = "@executable_path/../Frameworks";
				MACOSX_DEPLOYMENT_TARGET = 14.4;
				"MACOSX_DEPLOYMENT_TARGET[arch=*]" = 14.4;
				MARKETING_VERSION = 1.0;
				PRODUCT_BUNDLE_IDENTIFIER = PearlLabs.Henry;
				PRODUCT_NAME = "$(TARGET_NAME)";
				SDKROOT = auto;
				SUPPORTED_PLATFORMS = macosx;
				SWIFT_EMIT_LOC_STRINGS = YES;
				SWIFT_VERSION = 5.0;
				TARGETED_DEVICE_FAMILY = "1,2";
			};
			name = Release;
		};
/* End XCBuildConfiguration section */

/* Begin XCConfigurationList section */
		C6CC59222C1E5EA3004C7ED2 /* Build configuration list for PBXProject "Henry" */ = {
			isa = XCConfigurationList;
			buildConfigurations = (
				C6CC59362C1E5EA4004C7ED2 /* Debug */,
				C6CC59372C1E5EA4004C7ED2 /* Release */,
			);
			defaultConfigurationIsVisible = 0;
			defaultConfigurationName = Release;
		};
		C6CC59382C1E5EA4004C7ED2 /* Build configuration list for PBXNativeTarget "Henry" */ = {
			isa = XCConfigurationList;
			buildConfigurations = (
				C6CC59392C1E5EA4004C7ED2 /* Debug */,
				C6CC593A2C1E5EA4004C7ED2 /* Release */,
			);
			defaultConfigurationIsVisible = 0;
			defaultConfigurationName = Release;
		};
/* End XCConfigurationList section */

/* Begin XCRemoteSwiftPackageReference section */
		54ADFB0E2C233159005D9CA9 /* XCRemoteSwiftPackageReference "swift-http-types" */ = {
			isa = XCRemoteSwiftPackageReference;
			repositoryURL = "https://github.com/apple/swift-http-types.git";
			requirement = {
				kind = upToNextMajorVersion;
				minimumVersion = 1.1.0;
			};
		};
		C6C4017B2C207E070072582A /* XCRemoteSwiftPackageReference "swift-markdown-ui" */ = {
			isa = XCRemoteSwiftPackageReference;
			repositoryURL = "https://github.com/gonzalezreal/swift-markdown-ui";
			requirement = {
				kind = upToNextMajorVersion;
				minimumVersion = 2.3.1;
			};
		};
/* End XCRemoteSwiftPackageReference section */

/* Begin XCSwiftPackageProductDependency section */
		54ADFB0F2C233159005D9CA9 /* HTTPTypes */ = {
			isa = XCSwiftPackageProductDependency;
			package = 54ADFB0E2C233159005D9CA9 /* XCRemoteSwiftPackageReference "swift-http-types" */;
			productName = HTTPTypes;
		};
		54ADFB112C233159005D9CA9 /* HTTPTypesFoundation */ = {
			isa = XCSwiftPackageProductDependency;
			package = 54ADFB0E2C233159005D9CA9 /* XCRemoteSwiftPackageReference "swift-http-types" */;
			productName = HTTPTypesFoundation;
		};
		C6C4017C2C207E070072582A /* MarkdownUI */ = {
			isa = XCSwiftPackageProductDependency;
			package = C6C4017B2C207E070072582A /* XCRemoteSwiftPackageReference "swift-markdown-ui" */;
			productName = MarkdownUI;
		};
/* End XCSwiftPackageProductDependency section */
	};
	rootObject = C6CC591F2C1E5EA3004C7ED2 /* Project object */;
}
