// !$*UTF8*$!
{
	archiveVersion = 1;
	classes = {
	};
	objectVersion = 56;
	objects = {

/* Begin PBXBuildFile section */
		54ADFB102C233159005D9CA9 /* HTTPTypes in Frameworks */ = {isa = PBXBuildFile; productRef = 54ADFB0F2C233159005D9CA9 /* HTTPTypes */; };
		54ADFB122C233159005D9CA9 /* HTTPTypesFoundation in Frameworks */ = {isa = PBXBuildFile; productRef = 54ADFB112C233159005D9CA9 /* HTTPTypesFoundation */; };
		A1000001000000000000001A /* Artifact.swift in Sources */ = {isa = PBXBuildFile; fileRef = A1000001000000000000001B /* Artifact.swift */; };
		A1000002000000000000001A /* Conversation.swift in Sources */ = {isa = PBXBuildFile; fileRef = A1000002000000000000001B /* Conversation.swift */; };
		A1000003000000000000001A /* Message.swift in Sources */ = {isa = PBXBuildFile; fileRef = A1000003000000000000001B /* Message.swift */; };
		A1000004000000000000001A /* AnthropicService.swift in Sources */ = {isa = PBXBuildFile; fileRef = A1000004000000000000001B /* AnthropicService.swift */; };
		A1000005000000000000001A /* WebSearchService.swift in Sources */ = {isa = PBXBuildFile; fileRef = A1000005000000000000001B /* WebSearchService.swift */; };
		A1000006000000000000001A /* AnnotationView.swift in Sources */ = {isa = PBXBuildFile; fileRef = A1000006000000000000001B /* AnnotationView.swift */; };
		A1000007000000000000001A /* ArtifactView.swift in Sources */ = {isa = PBXBuildFile; fileRef = A1000007000000000000001B /* ArtifactView.swift */; };
		A1000008000000000000001A /* ChatView.swift in Sources */ = {isa = PBXBuildFile; fileRef = A1000008000000000000001B /* ChatView.swift */; };
		A1000009000000000000001A /* ChatViewModel.swift in Sources */ = {isa = PBXBuildFile; fileRef = A1000009000000000000001B /* ChatViewModel.swift */; };
		A100000A000000000000001A /* MainView.swift in Sources */ = {isa = PBXBuildFile; fileRef = A100000A000000000000001B /* MainView.swift */; };
		A100000B000000000000001A /* MessageBubble.swift in Sources */ = {isa = PBXBuildFile; fileRef = A100000B000000000000001B /* MessageBubble.swift */; };
		A100000C000000000000001A /* SettingsView.swift in Sources */ = {isa = PBXBuildFile; fileRef = A100000C000000000000001B /* SettingsView.swift */; };
		A100000D000000000000001A /* WebBrowserView.swift in Sources */ = {isa = PBXBuildFile; fileRef = A100000D000000000000001B /* WebBrowserView.swift */; };
		A100000E000000000000001A /* AppTheme.swift in Sources */ = {isa = PBXBuildFile; fileRef = A100000E000000000000001B /* AppTheme.swift */; };
		C6C4017D2C207E070072582A /* MarkdownUI in Frameworks */ = {isa = PBXBuildFile; productRef = C6C4017C2C207E070072582A /* MarkdownUI */; };
		C6C4017F2C25C8120072582A /* Config.swift in Sources */ = {isa = PBXBuildFile; fileRef = C6C4017E2C25C8120072582A /* Config.swift */; };
		C6CC592B2C1E5EA3004C7ED2 /* HenryApp.swift in Sources */ = {isa = PBXBuildFile; fileRef = C6CC592A2C1E5EA3004C7ED2 /* HenryApp.swift */; };
		C6CC59312C1E5EA4004C7ED2 /* Assets.xcassets in Resources */ = {isa = PBXBuildFile; fileRef = C6CC59302C1E5EA4004C7ED2 /* Assets.xcassets */; };
		C6CC59352C1E5EA4004C7ED2 /* Preview Assets.xcassets in Resources */ = {isa = PBXBuildFile; fileRef = C6CC59342C1E5EA4004C7ED2 /* Preview Assets.xcassets */; };
		/* Test Build Files */
		B2000001000000000000001A /* MessageTests.swift in Sources */ = {isa = PBXBuildFile; fileRef = B2000001000000000000001B /* MessageTests.swift */; };
		B2000002000000000000001A /* ConversationTests.swift in Sources */ = {isa = PBXBuildFile; fileRef = B2000002000000000000001B /* ConversationTests.swift */; };
		B2000003000000000000001A /* ArtifactTests.swift in Sources */ = {isa = PBXBuildFile; fileRef = B2000003000000000000001B /* ArtifactTests.swift */; };
		B2000004000000000000001A /* ImageAttachmentTests.swift in Sources */ = {isa = PBXBuildFile; fileRef = B2000004000000000000001B /* ImageAttachmentTests.swift */; };
		B2000005000000000000001A /* AnthropicServiceTests.swift in Sources */ = {isa = PBXBuildFile; fileRef = B2000005000000000000001B /* AnthropicServiceTests.swift */; };
		B2000006000000000000001A /* MultimodalServiceTests.swift in Sources */ = {isa = PBXBuildFile; fileRef = B2000006000000000000001B /* MultimodalServiceTests.swift */; };
		B2000007000000000000001A /* WebSearchServiceTests.swift in Sources */ = {isa = PBXBuildFile; fileRef = B2000007000000000000001B /* WebSearchServiceTests.swift */; };
		B2000008000000000000001A /* ChatViewModelTests.swift in Sources */ = {isa = PBXBuildFile; fileRef = B2000008000000000000001B /* ChatViewModelTests.swift */; };
		B2000009000000000000001A /* MockConfig.swift in Sources */ = {isa = PBXBuildFile; fileRef = B2000009000000000000001B /* MockConfig.swift */; };
		B200000A000000000000001A /* TestHelpers.swift in Sources */ = {isa = PBXBuildFile; fileRef = B200000A000000000000001B /* TestHelpers.swift */; };
/* End PBXBuildFile section */

/* Begin PBXContainerItemProxy section */
		B2000020000000000000001C /* PBXContainerItemProxy */ = {
			isa = PBXContainerItemProxy;
			containerPortal = C6CC591F2C1E5EA3004C7ED2 /* Project object */;
			proxyType = 1;
			remoteGlobalIDString = C6CC59262C1E5EA3004C7ED2;
			remoteInfo = Henry;
		};
/* End PBXContainerItemProxy section */

/* Begin PBXFileReference section */
		A1000001000000000000001B /* Artifact.swift */ = {isa = PBXFileReference; lastKnownFileType = sourcecode.swift; path = Artifact.swift; sourceTree = "<group>"; };
		A1000002000000000000001B /* Conversation.swift */ = {isa = PBXFileReference; lastKnownFileType = sourcecode.swift; path = Conversation.swift; sourceTree = "<group>"; };
		A1000003000000000000001B /* Message.swift */ = {isa = PBXFileReference; lastKnownFileType = sourcecode.swift; path = Message.swift; sourceTree = "<group>"; };
		A1000004000000000000001B /* AnthropicService.swift */ = {isa = PBXFileReference; lastKnownFileType = sourcecode.swift; path = AnthropicService.swift; sourceTree = "<group>"; };
		A1000005000000000000001B /* WebSearchService.swift */ = {isa = PBXFileReference; lastKnownFileType = sourcecode.swift; path = WebSearchService.swift; sourceTree = "<group>"; };
		A1000006000000000000001B /* AnnotationView.swift */ = {isa = PBXFileReference; lastKnownFileType = sourcecode.swift; path = AnnotationView.swift; sourceTree = "<group>"; };
		A1000007000000000000001B /* ArtifactView.swift */ = {isa = PBXFileReference; lastKnownFileType = sourcecode.swift; path = ArtifactView.swift; sourceTree = "<group>"; };
		A1000008000000000000001B /* ChatView.swift */ = {isa = PBXFileReference; lastKnownFileType = sourcecode.swift; path = ChatView.swift; sourceTree = "<group>"; };
		A1000009000000000000001B /* ChatViewModel.swift */ = {isa = PBXFileReference; lastKnownFileType = sourcecode.swift; path = ChatViewModel.swift; sourceTree = "<group>"; };
		A100000A000000000000001B /* MainView.swift */ = {isa = PBXFileReference; lastKnownFileType = sourcecode.swift; path = MainView.swift; sourceTree = "<group>"; };
		A100000B000000000000001B /* MessageBubble.swift */ = {isa = PBXFileReference; lastKnownFileType = sourcecode.swift; path = MessageBubble.swift; sourceTree = "<group>"; };
		A100000C000000000000001B /* SettingsView.swift */ = {isa = PBXFileReference; lastKnownFileType = sourcecode.swift; path = SettingsView.swift; sourceTree = "<group>"; };
		A100000D000000000000001B /* WebBrowserView.swift */ = {isa = PBXFileReference; lastKnownFileType = sourcecode.swift; path = WebBrowserView.swift; sourceTree = "<group>"; };
		A100000E000000000000001B /* AppTheme.swift */ = {isa = PBXFileReference; lastKnownFileType = sourcecode.swift; path = AppTheme.swift; sourceTree = "<group>"; };
		C6C4017E2C25C8120072582A /* Config.swift */ = {isa = PBXFileReference; lastKnownFileType = sourcecode.swift; path = Config.swift; sourceTree = "<group>"; };
		C6CC59272C1E5EA3004C7ED2 /* Henry.app */ = {isa = PBXFileReference; explicitFileType = wrapper.application; includeInIndex = 0; path = Henry.app; sourceTree = BUILT_PRODUCTS_DIR; };
		C6CC592A2C1E5EA3004C7ED2 /* HenryApp.swift */ = {isa = PBXFileReference; lastKnownFileType = sourcecode.swift; path = HenryApp.swift; sourceTree = "<group>"; };
		C6CC59302C1E5EA4004C7ED2 /* Assets.xcassets */ = {isa = PBXFileReference; lastKnownFileType = folder.assetcatalog; path = Assets.xcassets; sourceTree = "<group>"; };
		C6CC59322C1E5EA4004C7ED2 /* Henry.entitlements */ = {isa = PBXFileReference; lastKnownFileType = text.plist.entitlements; path = Henry.entitlements; sourceTree = "<group>"; };
		C6CC59342C1E5EA4004C7ED2 /* Preview Assets.xcassets */ = {isa = PBXFileReference; lastKnownFileType = folder.assetcatalog; path = "Preview Assets.xcassets"; sourceTree = "<group>"; };
		/* Test File References */
		B2000010000000000000001B /* HenryTests.xctest */ = {isa = PBXFileReference; explicitFileType = wrapper.cfbundle; includeInIndex = 0; path = HenryTests.xctest; sourceTree = BUILT_PRODUCTS_DIR; };
		B2000001000000000000001B /* MessageTests.swift */ = {isa = PBXFileReference; lastKnownFileType = sourcecode.swift; path = MessageTests.swift; sourceTree = "<group>"; };
		B2000002000000000000001B /* ConversationTests.swift */ = {isa = PBXFileReference; lastKnownFileType = sourcecode.swift; path = ConversationTests.swift; sourceTree = "<group>"; };
		B2000003000000000000001B /* ArtifactTests.swift */ = {isa = PBXFileReference; lastKnownFileType = sourcecode.swift; path = ArtifactTests.swift; sourceTree = "<group>"; };
		B2000004000000000000001B /* ImageAttachmentTests.swift */ = {isa = PBXFileReference; lastKnownFileType = sourcecode.swift; path = ImageAttachmentTests.swift; sourceTree = "<group>"; };
		B2000005000000000000001B /* AnthropicServiceTests.swift */ = {isa = PBXFileReference; lastKnownFileType = sourcecode.swift; path = AnthropicServiceTests.swift; sourceTree = "<group>"; };
		B2000006000000000000001B /* MultimodalServiceTests.swift */ = {isa = PBXFileReference; lastKnownFileType = sourcecode.swift; path = MultimodalServiceTests.swift; sourceTree = "<group>"; };
		B2000007000000000000001B /* WebSearchServiceTests.swift */ = {isa = PBXFileReference; lastKnownFileType = sourcecode.swift; path = WebSearchServiceTests.swift; sourceTree = "<group>"; };
		B2000008000000000000001B /* ChatViewModelTests.swift */ = {isa = PBXFileReference; lastKnownFileType = sourcecode.swift; path = ChatViewModelTests.swift; sourceTree = "<group>"; };
		B2000009000000000000001B /* MockConfig.swift */ = {isa = PBXFileReference; lastKnownFileType = sourcecode.swift; path = MockConfig.swift; sourceTree = "<group>"; };
		B200000A000000000000001B /* TestHelpers.swift */ = {isa = PBXFileReference; lastKnownFileType = sourcecode.swift; path = TestHelpers.swift; sourceTree = "<group>"; };
/* End PBXFileReference section */

/* Begin PBXFrameworksBuildPhase section */
		C6CC59242C1E5EA3004C7ED2 /* Frameworks */ = {
			isa = PBXFrameworksBuildPhase;
			buildActionMask = 2147483647;
			files = (
				54ADFB102C233159005D9CA9 /* HTTPTypes in Frameworks */,
				54ADFB122C233159005D9CA9 /* HTTPTypesFoundation in Frameworks */,
				C6C4017D2C207E070072582A /* MarkdownUI in Frameworks */,
			);
			runOnlyForDeploymentPostprocessing = 0;
		};
		B2000011000000000000001C /* Frameworks */ = {
			isa = PBXFrameworksBuildPhase;
			buildActionMask = 2147483647;
			files = (
			);
			runOnlyForDeploymentPostprocessing = 0;
		};
/* End PBXFrameworksBuildPhase section */

/* Begin PBXGroup section */
		A1000010000000000000001C /* Models */ = {
			isa = PBXGroup;
			children = (
				A1000001000000000000001B /* Artifact.swift */,
				A1000002000000000000001B /* Conversation.swift */,
				A1000003000000000000001B /* Message.swift */,
			);
			path = Models;
			sourceTree = "<group>";
		};
		A1000011000000000000001C /* Services */ = {
			isa = PBXGroup;
			children = (
				A1000004000000000000001B /* AnthropicService.swift */,
				A1000005000000000000001B /* WebSearchService.swift */,
			);
			path = Services;
			sourceTree = "<group>";
		};
		A1000012000000000000001C /* Views */ = {
			isa = PBXGroup;
			children = (
				A1000006000000000000001B /* AnnotationView.swift */,
				A1000007000000000000001B /* ArtifactView.swift */,
				A1000008000000000000001B /* ChatView.swift */,
				A1000009000000000000001B /* ChatViewModel.swift */,
				A100000A000000000000001B /* MainView.swift */,
				A100000B000000000000001B /* MessageBubble.swift */,
				A100000C000000000000001B /* SettingsView.swift */,
				A100000D000000000000001B /* WebBrowserView.swift */,
			);
			path = Views;
			sourceTree = "<group>";
		};
		A1000013000000000000001C /* Theme */ = {
			isa = PBXGroup;
			children = (
				A100000E000000000000001B /* AppTheme.swift */,
			);
			path = Theme;
			sourceTree = "<group>";
		};
		C6CC591E2C1E5EA3004C7ED2 = {
			isa = PBXGroup;
			children = (
				C6CC59292C1E5EA3004C7ED2 /* Henry */,
				B2000014000000000000001C /* HenryTests */,
				C6CC59282C1E5EA3004C7ED2 /* Products */,
			);
			sourceTree = "<group>";
		};
		C6CC59282C1E5EA3004C7ED2 /* Products */ = {
			isa = PBXGroup;
			children = (
				C6CC59272C1E5EA3004C7ED2 /* Henry.app */,
				B2000010000000000000001B /* HenryTests.xctest */,
			);
			name = Products;
			sourceTree = "<group>";
		};
		C6CC59292C1E5EA3004C7ED2 /* Henry */ = {
			isa = PBXGroup;
			children = (
				C6CC592A2C1E5EA3004C7ED2 /* HenryApp.swift */,
				C6C4017E2C25C8120072582A /* Config.swift */,
				A1000010000000000000001C /* Models */,
				A1000011000000000000001C /* Services */,
				A1000012000000000000001C /* Views */,
				A1000013000000000000001C /* Theme */,
				C6CC59302C1E5EA4004C7ED2 /* Assets.xcassets */,
				C6CC59322C1E5EA4004C7ED2 /* Henry.entitlements */,
				C6CC59332C1E5EA4004C7ED2 /* Preview Content */,
			);
			path = Henry;
			sourceTree = "<group>";
		};
		C6CC59332C1E5EA4004C7ED2 /* Preview Content */ = {
			isa = PBXGroup;
			children = (
				C6CC59342C1E5EA4004C7ED2 /* Preview Assets.xcassets */,
			);
			path = "Preview Content";
			sourceTree = "<group>";
		};
		B2000014000000000000001C /* HenryTests */ = {
			isa = PBXGroup;
			children = (
				B2000015000000000000001C /* ModelTests */,
				B2000016000000000000001C /* ServiceTests */,
				B2000017000000000000001C /* ViewModelTests */,
				B2000018000000000000001C /* TestHelpers */,
			);
			path = HenryTests;
			sourceTree = "<group>";
		};
		B2000015000000000000001C /* ModelTests */ = {
			isa = PBXGroup;
			children = (
				B2000001000000000000001B /* MessageTests.swift */,
				B2000002000000000000001B /* ConversationTests.swift */,
				B2000003000000000000001B /* ArtifactTests.swift */,
				B2000004000000000000001B /* ImageAttachmentTests.swift */,
			);
			path = ModelTests;
			sourceTree = "<group>";
		};
		B2000016000000000000001C /* ServiceTests */ = {
			isa = PBXGroup;
			children = (
				B2000005000000000000001B /* AnthropicServiceTests.swift */,
				B2000006000000000000001B /* MultimodalServiceTests.swift */,
				B2000007000000000000001B /* WebSearchServiceTests.swift */,
			);
			path = ServiceTests;
			sourceTree = "<group>";
		};
		B2000017000000000000001C /* ViewModelTests */ = {
			isa = PBXGroup;
			children = (
				B2000008000000000000001B /* ChatViewModelTests.swift */,
			);
			path = ViewModelTests;
			sourceTree = "<group>";
		};
		B2000018000000000000001C /* TestHelpers */ = {
			isa = PBXGroup;
			children = (
				B2000009000000000000001B /* MockConfig.swift */,
				B200000A000000000000001B /* TestHelpers.swift */,
			);
			path = TestHelpers;
			sourceTree = "<group>";
		};
/* End PBXGroup section */

/* Begin PBXNativeTarget section */
		C6CC59262C1E5EA3004C7ED2 /* Henry */ = {
			isa = PBXNativeTarget;
			buildConfigurationList = C6CC59382C1E5EA4004C7ED2 /* Build configuration list for PBXNativeTarget "Henry" */;
			buildPhases = (
				C6CC59232C1E5EA3004C7ED2 /* Sources */,
				C6CC59242C1E5EA3004C7ED2 /* Frameworks */,
				C6CC59252C1E5EA3004C7ED2 /* Resources */,
			);
			buildRules = (
			);
			dependencies = (
			);
			name = Henry;
			packageProductDependencies = (
				C6C4017C2C207E070072582A /* MarkdownUI */,
				54ADFB0F2C233159005D9CA9 /* HTTPTypes */,
				54ADFB112C233159005D9CA9 /* HTTPTypesFoundation */,
			);
			productName = Henry;
			productReference = C6CC59272C1E5EA3004C7ED2 /* Henry.app */;
			productType = "com.apple.product-type.application";
		};
		B2000012000000000000001C /* HenryTests */ = {
			isa = PBXNativeTarget;
			buildConfigurationList = B2000019000000000000001C /* Build configuration list for PBXNativeTarget "HenryTests" */;
			buildPhases = (
				B2000013000000000000001C /* Sources */,
				B2000011000000000000001C /* Frameworks */,
			);
			buildRules = (
			);
			dependencies = (
				B2000021000000000000001C /* PBXTargetDependency */,
			);
			name = HenryTests;
			productName = HenryTests;
			productReference = B2000010000000000000001B /* HenryTests.xctest */;
			productType = "com.apple.product-type.bundle.unit-test";
		};
/* End PBXNativeTarget section */

/* Begin PBXProject section */
		C6CC591F2C1E5EA3004C7ED2 /* Project object */ = {
			isa = PBXProject;
			attributes = {
				BuildIndependentTargetsInParallel = 1;
				LastSwiftUpdateCheck = 1540;
				LastUpgradeCheck = 1540;
				TargetAttributes = {
					C6CC59262C1E5EA3004C7ED2 = {
						CreatedOnToolsVersion = 15.4;
					};
					B2000012000000000000001C = {
						CreatedOnToolsVersion = 15.4;
						TestTargetID = C6CC59262C1E5EA3004C7ED2;
					};
				};
			};
			buildConfigurationList = C6CC59222C1E5EA3004C7ED2 /* Build configuration list for PBXProject "Henry" */;
			compatibilityVersion = "Xcode 14.0";
			developmentRegion = en;
			hasScannedForEncodings = 0;
			knownRegions = (
				en,
				Base,
			);
			mainGroup = C6CC591E2C1E5EA3004C7ED2;
			packageReferences = (
				C6C4017B2C207E070072582A /* XCRemoteSwiftPackageReference "swift-markdown-ui" */,
				54ADFB0E2C233159005D9CA9 /* XCRemoteSwiftPackageReference "swift-http-types" */,
			);
			productRefGroup = C6CC59282C1E5EA3004C7ED2 /* Products */;
			projectDirPath = "";
			projectRoot = "";
			targets = (
				C6CC59262C1E5EA3004C7ED2 /* Henry */,
				B2000012000000000000001C /* HenryTests */,
			);
		};
/* End PBXProject section */

/* Begin PBXResourcesBuildPhase section */
		C6CC59252C1E5EA3004C7ED2 /* Resources */ = {
			isa = PBXResourcesBuildPhase;
			buildActionMask = 2147483647;
			files = (
				C6CC59352C1E5EA4004C7ED2 /* Preview Assets.xcassets in Resources */,
				C6CC59312C1E5EA4004C7ED2 /* Assets.xcassets in Resources */,
			);
			runOnlyForDeploymentPostprocessing = 0;
		};
/* End PBXResourcesBuildPhase section */

/* Begin PBXSourcesBuildPhase section */
		C6CC59232C1E5EA3004C7ED2 /* Sources */ = {
			isa = PBXSourcesBuildPhase;
			buildActionMask = 2147483647;
			files = (
				C6CC592B2C1E5EA3004C7ED2 /* HenryApp.swift in Sources */,
				C6C4017F2C25C8120072582A /* Config.swift in Sources */,
				A1000001000000000000001A /* Artifact.swift in Sources */,
				A1000002000000000000001A /* Conversation.swift in Sources */,
				A1000003000000000000001A /* Message.swift in Sources */,
				A1000004000000000000001A /* AnthropicService.swift in Sources */,
				A1000005000000000000001A /* WebSearchService.swift in Sources */,
				A1000006000000000000001A /* AnnotationView.swift in Sources */,
				A1000007000000000000001A /* ArtifactView.swift in Sources */,
				A1000008000000000000001A /* ChatView.swift in Sources */,
				A1000009000000000000001A /* ChatViewModel.swift in Sources */,
				A100000A000000000000001A /* MainView.swift in Sources */,
				A100000B000000000000001A /* MessageBubble.swift in Sources */,
				A100000C000000000000001A /* SettingsView.swift in Sources */,
				A100000D000000000000001A /* WebBrowserView.swift in Sources */,
				A100000E000000000000001A /* AppTheme.swift in Sources */,
			);
			runOnlyForDeploymentPostprocessing = 0;
		};
		B2000013000000000000001C /* Sources */ = {
			isa = PBXSourcesBuildPhase;
			buildActionMask = 2147483647;
			files = (
				B2000001000000000000001A /* MessageTests.swift in Sources */,
				B2000002000000000000001A /* ConversationTests.swift in Sources */,
				B2000003000000000000001A /* ArtifactTests.swift in Sources */,
				B2000004000000000000001A /* ImageAttachmentTests.swift in Sources */,
				B2000005000000000000001A /* AnthropicServiceTests.swift in Sources */,
				B2000006000000000000001A /* MultimodalServiceTests.swift in Sources */,
				B2000007000000000000001A /* WebSearchServiceTests.swift in Sources */,
				B2000008000000000000001A /* ChatViewModelTests.swift in Sources */,
				B2000009000000000000001A /* MockConfig.swift in Sources */,
				B200000A000000000000001A /* TestHelpers.swift in Sources */,
			);
			runOnlyForDeploymentPostprocessing = 0;
		};
/* End PBXSourcesBuildPhase section */

/* Begin PBXTargetDependency section */
		B2000021000000000000001C /* PBXTargetDependency */ = {
			isa = PBXTargetDependency;
			target = C6CC59262C1E5EA3004C7ED2 /* Henry */;
			targetProxy = B2000020000000000000001C /* PBXContainerItemProxy */;
		};
/* End PBXTargetDependency section */

/* Begin XCBuildConfiguration section */
		C6CC59362C1E5EA4004C7ED2 /* Debug */ = {
			isa = XCBuildConfiguration;
			buildSettings = {
				ALWAYS_SEARCH_USER_PATHS = NO;
				ASSETCATALOG_COMPILER_GENERATE_SWIFT_ASSET_SYMBOL_EXTENSIONS = YES;
				CLANG_ANALYZER_NONNULL = YES;
				CLANG_ANALYZER_NUMBER_OBJECT_CONVERSION = YES_AGGRESSIVE;
				CLANG_CXX_LANGUAGE_STANDARD = "gnu++20";
				CLANG_ENABLE_MODULES = YES;
				CLANG_ENABLE_OBJC_ARC = YES;
				CLANG_ENABLE_OBJC_WEAK = YES;
				CLANG_WARN_BLOCK_CAPTURE_AUTORELEASING = YES;
				CLANG_WARN_BOOL_CONVERSION = YES;
				CLANG_WARN_COMMA = YES;
				CLANG_WARN_CONSTANT_CONVERSION = YES;
				CLANG_WARN_DEPRECATED_OBJC_IMPLEMENTATIONS = YES;
				CLANG_WARN_DIRECT_OBJC_ISA_USAGE = YES_ERROR;
				CLANG_WARN_DOCUMENTATION_COMMENTS = YES;
				CLANG_WARN_EMPTY_BODY = YES;
				CLANG_WARN_ENUM_CONVERSION = YES;
				CLANG_WARN_INFINITE_RECURSION = YES;
				CLANG_WARN_INT_CONVERSION = YES;
				CLANG_WARN_NON_LITERAL_NULL_CONVERSION = YES;
				CLANG_WARN_OBJC_IMPLICIT_RETAIN_SELF = YES;
				CLANG_WARN_OBJC_LITERAL_CONVERSION = YES;
				CLANG_WARN_OBJC_ROOT_CLASS = YES_ERROR;
				CLANG_WARN_QUOTED_INCLUDE_IN_FRAMEWORK_HEADER = YES;
				CLANG_WARN_RANGE_LOOP_ANALYSIS = YES;
				CLANG_WARN_STRICT_PROTOTYPES = YES;
				CLANG_WARN_SUSPICIOUS_MOVE = YES;
				CLANG_WARN_UNGUARDED_AVAILABILITY = YES_AGGRESSIVE;
				CLANG_WARN_UNREACHABLE_CODE = YES;
				CLANG_WARN__DUPLICATE_METHOD_MATCH = YES;
				COPY_PHASE_STRIP = NO;
				DEBUG_INFORMATION_FORMAT = dwarf;
				ENABLE_STRICT_OBJC_MSGSEND = YES;
				ENABLE_TESTABILITY = YES;
				ENABLE_USER_SCRIPT_SANDBOXING = YES;
				GCC_C_LANGUAGE_STANDARD = gnu17;
				GCC_DYNAMIC_NO_PIC = NO;
				GCC_NO_COMMON_BLOCKS = YES;
				GCC_OPTIMIZATION_LEVEL = 0;
				GCC_PREPROCESSOR_DEFINITIONS = (
					"DEBUG=1",
					"$(inherited)",
				);
				GCC_WARN_64_TO_32_BIT_CONVERSION = YES;
				GCC_WARN_ABOUT_RETURN_TYPE = YES_ERROR;
				GCC_WARN_UNDECLARED_SELECTOR = YES;
				GCC_WARN_UNINITIALIZED_AUTOS = YES_AGGRESSIVE;
				GCC_WARN_UNUSED_FUNCTION = YES;
				GCC_WARN_UNUSED_VARIABLE = YES;
				IPHONEOS_DEPLOYMENT_TARGET = 17.0;
				LOCALIZATION_PREFERS_STRING_CATALOGS = YES;
				MTL_ENABLE_DEBUG_INFO = INCLUDE_SOURCE;
				MTL_FAST_MATH = YES;
				ONLY_ACTIVE_ARCH = YES;
				SWIFT_ACTIVE_COMPILATION_CONDITIONS = "DEBUG $(inherited)";
				SWIFT_OPTIMIZATION_LEVEL = "-Onone";
			};
			name = Debug;
		};
		C6CC59372C1E5EA4004C7ED2 /* Release */ = {
			isa = XCBuildConfiguration;
			buildSettings = {
				ALWAYS_SEARCH_USER_PATHS = NO;
				ASSETCATALOG_COMPILER_GENERATE_SWIFT_ASSET_SYMBOL_EXTENSIONS = YES;
				CLANG_ANALYZER_NONNULL = YES;
				CLANG_ANALYZER_NUMBER_OBJECT_CONVERSION = YES_AGGRESSIVE;
				CLANG_CXX_LANGUAGE_STANDARD = "gnu++20";
				CLANG_ENABLE_MODULES = YES;
				CLANG_ENABLE_OBJC_ARC = YES;
				CLANG_ENABLE_OBJC_WEAK = YES;
				CLANG_WARN_BLOCK_CAPTURE_AUTORELEASING = YES;
				CLANG_WARN_BOOL_CONVERSION = YES;
				CLANG_WARN_COMMA = YES;
				CLANG_WARN_CONSTANT_CONVERSION = YES;
				CLANG_WARN_DEPRECATED_OBJC_IMPLEMENTATIONS = YES;
				CLANG_WARN_DIRECT_OBJC_ISA_USAGE = YES_ERROR;
				CLANG_WARN_DOCUMENTATION_COMMENTS = YES;
				CLANG_WARN_EMPTY_BODY = YES;
				CLANG_WARN_ENUM_CONVERSION = YES;
				CLANG_WARN_INFINITE_RECURSION = YES;
				CLANG_WARN_INT_CONVERSION = YES;
				CLANG_WARN_NON_LITERAL_NULL_CONVERSION = YES;
				CLANG_WARN_OBJC_IMPLICIT_RETAIN_SELF = YES;
				CLANG_WARN_OBJC_LITERAL_CONVERSION = YES;
				CLANG_WARN_OBJC_ROOT_CLASS = YES_ERROR;
				CLANG_WARN_QUOTED_INCLUDE_IN_FRAMEWORK_HEADER = YES;
				CLANG_WARN_RANGE_LOOP_ANALYSIS = YES;
				CLANG_WARN_STRICT_PROTOTYPES = YES;
				CLANG_WARN_SUSPICIOUS_MOVE = YES;
				CLANG_WARN_UNGUARDED_AVAILABILITY = YES_AGGRESSIVE;
				CLANG_WARN_UNREACHABLE_CODE = YES;
				CLANG_WARN__DUPLICATE_METHOD_MATCH = YES;
				COPY_PHASE_STRIP = NO;
				DEBUG_INFORMATION_FORMAT = "dwarf-with-dsym";
				ENABLE_NS_ASSERTIONS = NO;
				ENABLE_STRICT_OBJC_MSGSEND = YES;
				ENABLE_USER_SCRIPT_SANDBOXING = YES;
				GCC_C_LANGUAGE_STANDARD = gnu17;
				GCC_NO_COMMON_BLOCKS = YES;
				GCC_WARN_64_TO_32_BIT_CONVERSION = YES;
				GCC_WARN_ABOUT_RETURN_TYPE = YES_ERROR;
				GCC_WARN_UNDECLARED_SELECTOR = YES;
				GCC_WARN_UNINITIALIZED_AUTOS = YES_AGGRESSIVE;
				GCC_WARN_UNUSED_FUNCTION = YES;
				GCC_WARN_UNUSED_VARIABLE = YES;
				IPHONEOS_DEPLOYMENT_TARGET = 17.0;
				LOCALIZATION_PREFERS_STRING_CATALOGS = YES;
				MTL_ENABLE_DEBUG_INFO = NO;
				MTL_FAST_MATH = YES;
				SWIFT_COMPILATION_MODE = wholemodule;
			};
			name = Release;
		};
		C6CC59392C1E5EA4004C7ED2 /* Debug */ = {
			isa = XCBuildConfiguration;
			buildSettings = {
				ASSETCATALOG_COMPILER_APPICON_NAME = AppIcon;
				ASSETCATALOG_COMPILER_GLOBAL_ACCENT_COLOR_NAME = AccentColor;
				CODE_SIGN_ENTITLEMENTS = Henry/Henry.entitlements;
				CODE_SIGN_STYLE = Automatic;
				CURRENT_PROJECT_VERSION = 1;
				DEVELOPMENT_ASSET_PATHS = "\"Henry/Preview Content\"";
				ENABLE_PREVIEWS = YES;
				GENERATE_INFOPLIST_FILE = YES;
				INFOPLIST_KEY_UIApplicationSceneManifest_Generation = YES;
				INFOPLIST_KEY_UIApplicationSupportsIndirectInputEvents = YES;
				INFOPLIST_KEY_UILaunchScreen_Generation = YES;
				INFOPLIST_KEY_UIStatusBarStyle = UIStatusBarStyleDefault;
				INFOPLIST_KEY_UISupportedInterfaceOrientations_iPad = "UIInterfaceOrientationPortrait UIInterfaceOrientationPortraitUpsideDown UIInterfaceOrientationLandscapeLeft UIInterfaceOrientationLandscapeRight";
				IPHONEOS_DEPLOYMENT_TARGET = 17.0;
				LD_RUNPATH_SEARCH_PATHS = "@executable_path/Frameworks";
				MARKETING_VERSION = 1.0;
				PRODUCT_BUNDLE_IDENTIFIER = PearlLabs.Henry;
				PRODUCT_NAME = "$(TARGET_NAME)";
				SDKROOT = iphoneos;
				SUPPORTED_PLATFORMS = "iphoneos iphonesimulator";
				SUPPORTS_MACCATALYST = NO;
				SWIFT_EMIT_LOC_STRINGS = YES;
				SWIFT_VERSION = 5.0;
				TARGETED_DEVICE_FAMILY = 2;
			};
			name = Debug;
		};
		C6CC593A2C1E5EA4004C7ED2 /* Release */ = {
			isa = XCBuildConfiguration;
			buildSettings = {
				ASSETCATALOG_COMPILER_APPICON_NAME = AppIcon;
				ASSETCATALOG_COMPILER_GLOBAL_ACCENT_COLOR_NAME = AccentColor;
				CODE_SIGN_ENTITLEMENTS = Henry/Henry.entitlements;
				CODE_SIGN_STYLE = Automatic;
				CURRENT_PROJECT_VERSION = 1;
				DEVELOPMENT_ASSET_PATHS = "\"Henry/Preview Content\"";
				ENABLE_PREVIEWS = YES;
				GENERATE_INFOPLIST_FILE = YES;
				INFOPLIST_KEY_UIApplicationSceneManifest_Generation = YES;
				INFOPLIST_KEY_UIApplicationSupportsIndirectInputEvents = YES;
				INFOPLIST_KEY_UILaunchScreen_Generation = YES;
				INFOPLIST_KEY_UIStatusBarStyle = UIStatusBarStyleDefault;
				INFOPLIST_KEY_UISupportedInterfaceOrientations_iPad = "UIInterfaceOrientationPortrait UIInterfaceOrientationPortraitUpsideDown UIInterfaceOrientationLandscapeLeft UIInterfaceOrientationLandscapeRight";
				IPHONEOS_DEPLOYMENT_TARGET = 17.0;
				LD_RUNPATH_SEARCH_PATHS = "@executable_path/Frameworks";
				MARKETING_VERSION = 1.0;
				PRODUCT_BUNDLE_IDENTIFIER = PearlLabs.Henry;
				PRODUCT_NAME = "$(TARGET_NAME)";
				SDKROOT = iphoneos;
				SUPPORTED_PLATFORMS = "iphoneos iphonesimulator";
				SUPPORTS_MACCATALYST = NO;
				SWIFT_EMIT_LOC_STRINGS = YES;
				SWIFT_VERSION = 5.0;
				TARGETED_DEVICE_FAMILY = 2;
			};
			name = Release;
		};
		B200001A000000000000001C /* Debug */ = {
			isa = XCBuildConfiguration;
			buildSettings = {
				BUNDLE_LOADER = "$(TEST_HOST)";
				CODE_SIGN_STYLE = Automatic;
				CURRENT_PROJECT_VERSION = 1;
				GENERATE_INFOPLIST_FILE = YES;
				IPHONEOS_DEPLOYMENT_TARGET = 17.0;
				MARKETING_VERSION = 1.0;
				PRODUCT_BUNDLE_IDENTIFIER = PearlLabs.HenryTests;
				PRODUCT_NAME = "$(TARGET_NAME)";
				SDKROOT = iphoneos;
				SUPPORTED_PLATFORMS = "iphoneos iphonesimulator";
				SWIFT_EMIT_LOC_STRINGS = NO;
				SWIFT_VERSION = 5.0;
				TARGETED_DEVICE_FAMILY = 2;
				TEST_HOST = "$(BUILT_PRODUCTS_DIR)/Henry.app/$(BUNDLE_EXECUTABLE_FOLDER_PATH)/Henry";
			};
			name = Debug;
		};
		B200001B000000000000001C /* Release */ = {
			isa = XCBuildConfiguration;
			buildSettings = {
				BUNDLE_LOADER = "$(TEST_HOST)";
				CODE_SIGN_STYLE = Automatic;
				CURRENT_PROJECT_VERSION = 1;
				GENERATE_INFOPLIST_FILE = YES;
				IPHONEOS_DEPLOYMENT_TARGET = 17.0;
				MARKETING_VERSION = 1.0;
				PRODUCT_BUNDLE_IDENTIFIER = PearlLabs.HenryTests;
				PRODUCT_NAME = "$(TARGET_NAME)";
				SDKROOT = iphoneos;
				SUPPORTED_PLATFORMS = "iphoneos iphonesimulator";
				SWIFT_EMIT_LOC_STRINGS = NO;
				SWIFT_VERSION = 5.0;
				TARGETED_DEVICE_FAMILY = 2;
				TEST_HOST = "$(BUILT_PRODUCTS_DIR)/Henry.app/$(BUNDLE_EXECUTABLE_FOLDER_PATH)/Henry";
			};
			name = Release;
		};
/* End XCBuildConfiguration section */

/* Begin XCConfigurationList section */
		C6CC59222C1E5EA3004C7ED2 /* Build configuration list for PBXProject "Henry" */ = {
			isa = XCConfigurationList;
			buildConfigurations = (
				C6CC59362C1E5EA4004C7ED2 /* Debug */,
				C6CC59372C1E5EA4004C7ED2 /* Release */,
			);
			defaultConfigurationIsVisible = 0;
			defaultConfigurationName = Release;
		};
		C6CC59382C1E5EA4004C7ED2 /* Build configuration list for PBXNativeTarget "Henry" */ = {
			isa = XCConfigurationList;
			buildConfigurations = (
				C6CC59392C1E5EA4004C7ED2 /* Debug */,
				C6CC593A2C1E5EA4004C7ED2 /* Release */,
			);
			defaultConfigurationIsVisible = 0;
			defaultConfigurationName = Release;
		};
		B2000019000000000000001C /* Build configuration list for PBXNativeTarget "HenryTests" */ = {
			isa = XCConfigurationList;
			buildConfigurations = (
				B200001A000000000000001C /* Debug */,
				B200001B000000000000001C /* Release */,
			);
			defaultConfigurationIsVisible = 0;
			defaultConfigurationName = Release;
		};
/* End XCConfigurationList section */

/* Begin XCRemoteSwiftPackageReference section */
		54ADFB0E2C233159005D9CA9 /* XCRemoteSwiftPackageReference "swift-http-types" */ = {
			isa = XCRemoteSwiftPackageReference;
			repositoryURL = "https://github.com/apple/swift-http-types.git";
			requirement = {
				kind = upToNextMajorVersion;
				minimumVersion = 1.1.0;
			};
		};
		C6C4017B2C207E070072582A /* XCRemoteSwiftPackageReference "swift-markdown-ui" */ = {
			isa = XCRemoteSwiftPackageReference;
			repositoryURL = "https://github.com/gonzalezreal/swift-markdown-ui";
			requirement = {
				kind = upToNextMajorVersion;
				minimumVersion = 2.3.1;
			};
		};
/* End XCRemoteSwiftPackageReference section */

/* Begin XCSwiftPackageProductDependency section */
		54ADFB0F2C233159005D9CA9 /* HTTPTypes */ = {
			isa = XCSwiftPackageProductDependency;
			package = 54ADFB0E2C233159005D9CA9 /* XCRemoteSwiftPackageReference "swift-http-types" */;
			productName = HTTPTypes;
		};
		54ADFB112C233159005D9CA9 /* HTTPTypesFoundation */ = {
			isa = XCSwiftPackageProductDependency;
			package = 54ADFB0E2C233159005D9CA9 /* XCRemoteSwiftPackageReference "swift-http-types" */;
			productName = HTTPTypesFoundation;
		};
		C6C4017C2C207E070072582A /* MarkdownUI */ = {
			isa = XCSwiftPackageProductDependency;
			package = C6C4017B2C207E070072582A /* XCRemoteSwiftPackageReference "swift-markdown-ui" */;
			productName = MarkdownUI;
		};
/* End XCSwiftPackageProductDependency section */
	};
	rootObject = C6CC591F2C1E5EA3004C7ED2 /* Project object */;
}
